{
  "lockfile_version": "1",
  "packages": {
    "ruby@2.6.8": {
      "last_modified": "2021-10-22T02:15:45Z",
      "plugin_version": "0.0.2",
      "resolved": "github:NixOS/nixpkgs/718895c14907b60069520b6394b4dbb6e3aa9c33#ruby_2_6",
      "source": "devbox-search",
      "version": "2.6.8"
    }
  }
}
